
Microsoft Visual Studio Solution File, Format Version 12.00
# Visual Studio 15
VisualStudioVersion = 15.0.26124.0
MinimumVisualStudioVersion = 15.0.26124.0
Project("{FAE04EC0-301F-11D3-BF4B-00C04F79EFBC}") = "PrimeiroMetodo", "Primeirometodo\PrimeiroMetodo.csproj", "{926EA97F-5D86-43E9-8D87-424AC1AFFE85}"
EndProject
Project("{FAE04EC0-301F-11D3-BF4B-00C04F79EFBC}") = "NPCPerks", "NPCPerks\NPCPerks.csproj", "{837D6DB5-079C-4F5F-9BEC-55AA614AC356}"
EndProject
Project("{FAE04EC0-301F-11D3-BF4B-00C04F79EFBC}") = "finabocci", "finabocci\finabocci.csproj", "{050A11F6-1308-46BD-AFA5-DF0636F5379A}"
EndProject
Global
	GlobalSection(SolutionConfigurationPlatforms) = preSolution
		Debug|Any CPU = Debug|Any CPU
		Debug|x64 = Debug|x64
		Debug|x86 = Debug|x86
		Release|Any CPU = Release|Any CPU
		Release|x64 = Release|x64
		Release|x86 = Release|x86
	EndGlobalSection
	GlobalSection(SolutionProperties) = preSolution
		HideSolutionNode = FALSE
	EndGlobalSection
	GlobalSection(ProjectConfigurationPlatforms) = postSolution
		{926EA97F-5D86-43E9-8D87-424AC1AFFE85}.Debug|Any CPU.ActiveCfg = Debug|Any CPU
		{926EA97F-5D86-43E9-8D87-424AC1AFFE85}.Debug|Any CPU.Build.0 = Debug|Any CPU
		{926EA97F-5D86-43E9-8D87-424AC1AFFE85}.Debug|x64.ActiveCfg = Debug|Any CPU
		{926EA97F-5D86-43E9-8D87-424AC1AFFE85}.Debug|x64.Build.0 = Debug|Any CPU
		{926EA97F-5D86-43E9-8D87-424AC1AFFE85}.Debug|x86.ActiveCfg = Debug|Any CPU
		{926EA97F-5D86-43E9-8D87-424AC1AFFE85}.Debug|x86.Build.0 = Debug|Any CPU
		{926EA97F-5D86-43E9-8D87-424AC1AFFE85}.Release|Any CPU.ActiveCfg = Release|Any CPU
		{926EA97F-5D86-43E9-8D87-424AC1AFFE85}.Release|Any CPU.Build.0 = Release|Any CPU
		{926EA97F-5D86-43E9-8D87-424AC1AFFE85}.Release|x64.ActiveCfg = Release|Any CPU
		{926EA97F-5D86-43E9-8D87-424AC1AFFE85}.Release|x64.Build.0 = Release|Any CPU
		{926EA97F-5D86-43E9-8D87-424AC1AFFE85}.Release|x86.ActiveCfg = Release|Any CPU
		{926EA97F-5D86-43E9-8D87-424AC1AFFE85}.Release|x86.Build.0 = Release|Any CPU
		{837D6DB5-079C-4F5F-9BEC-55AA614AC356}.Debug|Any CPU.ActiveCfg = Debug|Any CPU
		{837D6DB5-079C-4F5F-9BEC-55AA614AC356}.Debug|Any CPU.Build.0 = Debug|Any CPU
		{837D6DB5-079C-4F5F-9BEC-55AA614AC356}.Debug|x64.ActiveCfg = Debug|Any CPU
		{837D6DB5-079C-4F5F-9BEC-55AA614AC356}.Debug|x64.Build.0 = Debug|Any CPU
		{837D6DB5-079C-4F5F-9BEC-55AA614AC356}.Debug|x86.ActiveCfg = Debug|Any CPU
		{837D6DB5-079C-4F5F-9BEC-55AA614AC356}.Debug|x86.Build.0 = Debug|Any CPU
		{837D6DB5-079C-4F5F-9BEC-55AA614AC356}.Release|Any CPU.ActiveCfg = Release|Any CPU
		{837D6DB5-079C-4F5F-9BEC-55AA614AC356}.Release|Any CPU.Build.0 = Release|Any CPU
		{837D6DB5-079C-4F5F-9BEC-55AA614AC356}.Release|x64.ActiveCfg = Release|Any CPU
		{837D6DB5-079C-4F5F-9BEC-55AA614AC356}.Release|x64.Build.0 = Release|Any CPU
		{837D6DB5-079C-4F5F-9BEC-55AA614AC356}.Release|x86.ActiveCfg = Release|Any CPU
		{837D6DB5-079C-4F5F-9BEC-55AA614AC356}.Release|x86.Build.0 = Release|Any CPU
		{050A11F6-1308-46BD-AFA5-DF0636F5379A}.Debug|Any CPU.ActiveCfg = Debug|Any CPU
		{050A11F6-1308-46BD-AFA5-DF0636F5379A}.Debug|Any CPU.Build.0 = Debug|Any CPU
		{050A11F6-1308-46BD-AFA5-DF0636F5379A}.Debug|x64.ActiveCfg = Debug|Any CPU
		{050A11F6-1308-46BD-AFA5-DF0636F5379A}.Debug|x64.Build.0 = Debug|Any CPU
		{050A11F6-1308-46BD-AFA5-DF0636F5379A}.Debug|x86.ActiveCfg = Debug|Any CPU
		{050A11F6-1308-46BD-AFA5-DF0636F5379A}.Debug|x86.Build.0 = Debug|Any CPU
		{050A11F6-1308-46BD-AFA5-DF0636F5379A}.Release|Any CPU.ActiveCfg = Release|Any CPU
		{050A11F6-1308-46BD-AFA5-DF0636F5379A}.Release|Any CPU.Build.0 = Release|Any CPU
		{050A11F6-1308-46BD-AFA5-DF0636F5379A}.Release|x64.ActiveCfg = Release|Any CPU
		{050A11F6-1308-46BD-AFA5-DF0636F5379A}.Release|x64.Build.0 = Release|Any CPU
		{050A11F6-1308-46BD-AFA5-DF0636F5379A}.Release|x86.ActiveCfg = Release|Any CPU
		{050A11F6-1308-46BD-AFA5-DF0636F5379A}.Release|x86.Build.0 = Release|Any CPU
	EndGlobalSection
EndGlobal
